// !$*UTF8*$!
{
	archiveVersion = 1;
	classes = {
	};
	objectVersion = 46;
	objects = {

/* Begin PBXBuildFile section */
		209E83601E56776A00D82E25 /* AppDelegate.swift in Sources */ = {isa = PBXBuildFile; fileRef = 209E835F1E56776A00D82E25 /* AppDelegate.swift */; };
		209E83621E56776A00D82E25 /* FirstViewController.swift in Sources */ = {isa = PBXBuildFile; fileRef = 209E83611E56776A00D82E25 /* FirstViewController.swift */; };
		209E83641E56776A00D82E25 /* SecondViewController.swift in Sources */ = {isa = PBXBuildFile; fileRef = 209E83631E56776A00D82E25 /* SecondViewController.swift */; };
		209E83671E56776A00D82E25 /* Main.storyboard in Resources */ = {isa = PBXBuildFile; fileRef = 209E83651E56776A00D82E25 /* Main.storyboard */; };
		209E83691E56776A00D82E25 /* Assets.xcassets in Resources */ = {isa = PBXBuildFile; fileRef = 209E83681E56776A00D82E25 /* Assets.xcassets */; };
		209E836C1E56776A00D82E25 /* LaunchScreen.storyboard in Resources */ = {isa = PBXBuildFile; fileRef = 209E836A1E56776A00D82E25 /* LaunchScreen.storyboard */; };
		209E83771E56776A00D82E25 /* MaterialTests.swift in Sources */ = {isa = PBXBuildFile; fileRef = 209E83761E56776A00D82E25 /* MaterialTests.swift */; };
		209E83821E56776A00D82E25 /* MaterialUITests.swift in Sources */ = {isa = PBXBuildFile; fileRef = 209E83811E56776A00D82E25 /* MaterialUITests.swift */; };
/* End PBXBuildFile section */

/* Begin PBXContainerItemProxy section */
		209E83731E56776A00D82E25 /* PBXContainerItemProxy */ = {
			isa = PBXContainerItemProxy;
			containerPortal = 209E83541E56776A00D82E25 /* Project object */;
			proxyType = 1;
			remoteGlobalIDString = 209E835B1E56776A00D82E25;
			remoteInfo = Material;
		};
		209E837E1E56776A00D82E25 /* PBXContainerItemProxy */ = {
			isa = PBXContainerItemProxy;
			containerPortal = 209E83541E56776A00D82E25 /* Project object */;
			proxyType = 1;
			remoteGlobalIDString = 209E835B1E56776A00D82E25;
			remoteInfo = Material;
		};
/* End PBXContainerItemProxy section */

/* Begin PBXFileReference section */
		209E835C1E56776A00D82E25 /* Material.app */ = {isa = PBXFileReference; explicitFileType = wrapper.application; includeInIndex = 0; path = Material.app; sourceTree = BUILT_PRODUCTS_DIR; };
		209E835F1E56776A00D82E25 /* AppDelegate.swift */ = {isa = PBXFileReference; lastKnownFileType = sourcecode.swift; path = AppDelegate.swift; sourceTree = "<group>"; };
		209E83611E56776A00D82E25 /* FirstViewController.swift */ = {isa = PBXFileReference; lastKnownFileType = sourcecode.swift; path = FirstViewController.swift; sourceTree = "<group>"; };
		209E83631E56776A00D82E25 /* SecondViewController.swift */ = {isa = PBXFileReference; lastKnownFileType = sourcecode.swift; path = SecondViewController.swift; sourceTree = "<group>"; };
		209E83661E56776A00D82E25 /* Base */ = {isa = PBXFileReference; lastKnownFileType = file.storyboard; name = Base; path = Base.lproj/Main.storyboard; sourceTree = "<group>"; };
		209E83681E56776A00D82E25 /* Assets.xcassets */ = {isa = PBXFileReference; lastKnownFileType = folder.assetcatalog; path = Assets.xcassets; sourceTree = "<group>"; };
		209E836B1E56776A00D82E25 /* Base */ = {isa = PBXFileReference; lastKnownFileType = file.storyboard; name = Base; path = Base.lproj/LaunchScreen.storyboard; sourceTree = "<group>"; };
		209E836D1E56776A00D82E25 /* Info.plist */ = {isa = PBXFileReference; lastKnownFileType = text.plist.xml; path = Info.plist; sourceTree = "<group>"; };
		209E83721E56776A00D82E25 /* MaterialTests.xctest */ = {isa = PBXFileReference; explicitFileType = wrapper.cfbundle; includeInIndex = 0; path = MaterialTests.xctest; sourceTree = BUILT_PRODUCTS_DIR; };
		209E83761E56776A00D82E25 /* MaterialTests.swift */ = {isa = PBXFileReference; lastKnownFileType = sourcecode.swift; path = MaterialTests.swift; sourceTree = "<group>"; };
		209E83781E56776A00D82E25 /* Info.plist */ = {isa = PBXFileReference; lastKnownFileType = text.plist.xml; path = Info.plist; sourceTree = "<group>"; };
		209E837D1E56776A00D82E25 /* MaterialUITests.xctest */ = {isa = PBXFileReference; explicitFileType = wrapper.cfbundle; includeInIndex = 0; path = MaterialUITests.xctest; sourceTree = BUILT_PRODUCTS_DIR; };
		209E83811E56776A00D82E25 /* MaterialUITests.swift */ = {isa = PBXFileReference; lastKnownFileType = sourcecode.swift; path = MaterialUITests.swift; sourceTree = "<group>"; };
		209E83831E56776A00D82E25 /* Info.plist */ = {isa = PBXFileReference; lastKnownFileType = text.plist.xml; path = Info.plist; sourceTree = "<group>"; };
/* End PBXFileReference section */

/* Begin PBXFrameworksBuildPhase section */
		209E83591E56776A00D82E25 /* Frameworks */ = {
			isa = PBXFrameworksBuildPhase;
			buildActionMask = 2147483647;
			files = (
			);
			runOnlyForDeploymentPostprocessing = 0;
		};
		209E836F1E56776A00D82E25 /* Frameworks */ = {
			isa = PBXFrameworksBuildPhase;
			buildActionMask = 2147483647;
			files = (
			);
			runOnlyForDeploymentPostprocessing = 0;
		};
		209E837A1E56776A00D82E25 /* Frameworks */ = {
			isa = PBXFrameworksBuildPhase;
			buildActionMask = 2147483647;
			files = (
			);
			runOnlyForDeploymentPostprocessing = 0;
		};
/* End PBXFrameworksBuildPhase section */

/* Begin PBXGroup section */
		209E83531E56776A00D82E25 = {
			isa = PBXGroup;
			children = (
				209E835E1E56776A00D82E25 /* Material */,
				209E83751E56776A00D82E25 /* MaterialTests */,
				209E83801E56776A00D82E25 /* MaterialUITests */,
				209E835D1E56776A00D82E25 /* Products */,
			);
			sourceTree = "<group>";
		};
		209E835D1E56776A00D82E25 /* Products */ = {
			isa = PBXGroup;
			children = (
				209E835C1E56776A00D82E25 /* Material.app */,
				209E83721E56776A00D82E25 /* MaterialTests.xctest */,
				209E837D1E56776A00D82E25 /* MaterialUITests.xctest */,
			);
			name = Products;
			sourceTree = "<group>";
		};
		209E835E1E56776A00D82E25 /* Material */ = {
			isa = PBXGroup;
			children = (
				209E835F1E56776A00D82E25 /* AppDelegate.swift */,
				209E83611E56776A00D82E25 /* FirstViewController.swift */,
				209E83631E56776A00D82E25 /* SecondViewController.swift */,
				209E83651E56776A00D82E25 /* Main.storyboard */,
				209E83681E56776A00D82E25 /* Assets.xcassets */,
				209E836A1E56776A00D82E25 /* LaunchScreen.storyboard */,
				209E836D1E56776A00D82E25 /* Info.plist */,
			);
			path = Material;
			sourceTree = "<group>";
		};
		209E83751E56776A00D82E25 /* MaterialTests */ = {
			isa = PBXGroup;
			children = (
				209E83761E56776A00D82E25 /* MaterialTests.swift */,
				209E83781E56776A00D82E25 /* Info.plist */,
			);
			path = MaterialTests;
			sourceTree = "<group>";
		};
		209E83801E56776A00D82E25 /* MaterialUITests */ = {
			isa = PBXGroup;
			children = (
				209E83811E56776A00D82E25 /* MaterialUITests.swift */,
				209E83831E56776A00D82E25 /* Info.plist */,
			);
			path = MaterialUITests;
			sourceTree = "<group>";
		};
/* End PBXGroup section */

/* Begin PBXNativeTarget section */
		209E835B1E56776A00D82E25 /* Material */ = {
			isa = PBXNativeTarget;
			buildConfigurationList = 209E83861E56776A00D82E25 /* Build configuration list for PBXNativeTarget "Material" */;
			buildPhases = (
				209E83581E56776A00D82E25 /* Sources */,
				209E83591E56776A00D82E25 /* Frameworks */,
				209E835A1E56776A00D82E25 /* Resources */,
			);
			buildRules = (
			);
			dependencies = (
			);
			name = Material;
			productName = Material;
			productReference = 209E835C1E56776A00D82E25 /* Material.app */;
			productType = "com.apple.product-type.application";
		};
		209E83711E56776A00D82E25 /* MaterialTests */ = {
			isa = PBXNativeTarget;
			buildConfigurationList = 209E83891E56776A00D82E25 /* Build configuration list for PBXNativeTarget "MaterialTests" */;
			buildPhases = (
				209E836E1E56776A00D82E25 /* Sources */,
				209E836F1E56776A00D82E25 /* Frameworks */,
				209E83701E56776A00D82E25 /* Resources */,
			);
			buildRules = (
			);
			dependencies = (
				209E83741E56776A00D82E25 /* PBXTargetDependency */,
			);
			name = MaterialTests;
			productName = MaterialTests;
			productReference = 209E83721E56776A00D82E25 /* MaterialTests.xctest */;
			productType = "com.apple.product-type.bundle.unit-test";
		};
		209E837C1E56776A00D82E25 /* MaterialUITests */ = {
			isa = PBXNativeTarget;
			buildConfigurationList = 209E838C1E56776A00D82E25 /* Build configuration list for PBXNativeTarget "MaterialUITests" */;
			buildPhases = (
				209E83791E56776A00D82E25 /* Sources */,
				209E837A1E56776A00D82E25 /* Frameworks */,
				209E837B1E56776A00D82E25 /* Resources */,
			);
			buildRules = (
			);
			dependencies = (
				209E837F1E56776A00D82E25 /* PBXTargetDependency */,
			);
			name = MaterialUITests;
			productName = MaterialUITests;
			productReference = 209E837D1E56776A00D82E25 /* MaterialUITests.xctest */;
			productType = "com.apple.product-type.bundle.ui-testing";
		};
/* End PBXNativeTarget section */

/* Begin PBXProject section */
		209E83541E56776A00D82E25 /* Project object */ = {
			isa = PBXProject;
			attributes = {
				LastSwiftUpdateCheck = 0820;
				LastUpgradeCheck = 0820;
				ORGANIZATIONNAME = "Rafael Ribeiro Correia";
				TargetAttributes = {
					209E835B1E56776A00D82E25 = {
						CreatedOnToolsVersion = 8.2.1;
						DevelopmentTeam = WRM4UPAZ5R;
						ProvisioningStyle = Automatic;
					};
					209E83711E56776A00D82E25 = {
						CreatedOnToolsVersion = 8.2.1;
						DevelopmentTeam = WRM4UPAZ5R;
						ProvisioningStyle = Automatic;
						TestTargetID = 209E835B1E56776A00D82E25;
					};
					209E837C1E56776A00D82E25 = {
						CreatedOnToolsVersion = 8.2.1;
						DevelopmentTeam = WRM4UPAZ5R;
						ProvisioningStyle = Automatic;
						TestTargetID = 209E835B1E56776A00D82E25;
					};
				};
			};
			buildConfigurationList = 209E83571E56776A00D82E25 /* Build configuration list for PBXProject "Material" */;
			compatibilityVersion = "Xcode 3.2";
			developmentRegion = English;
			hasScannedForEncodings = 0;
			knownRegions = (
				en,
				Base,
			);
			mainGroup = 209E83531E56776A00D82E25;
			productRefGroup = 209E835D1E56776A00D82E25 /* Products */;
			projectDirPath = "";
			projectRoot = "";
			targets = (
				209E835B1E56776A00D82E25 /* Material */,
				209E83711E56776A00D82E25 /* MaterialTests */,
				209E837C1E56776A00D82E25 /* MaterialUITests */,
			);
		};
/* End PBXProject section */

/* Begin PBXResourcesBuildPhase section */
		209E835A1E56776A00D82E25 /* Resources */ = {
			isa = PBXResourcesBuildPhase;
			buildActionMask = 2147483647;
			files = (
				209E836C1E56776A00D82E25 /* LaunchScreen.storyboard in Resources */,
				209E83691E56776A00D82E25 /* Assets.xcassets in Resources */,
				209E83671E56776A00D82E25 /* Main.storyboard in Resources */,
			);
			runOnlyForDeploymentPostprocessing = 0;
		};
		209E83701E56776A00D82E25 /* Resources */ = {
			isa = PBXResourcesBuildPhase;
			buildActionMask = 2147483647;
			files = (
			);
			runOnlyForDeploymentPostprocessing = 0;
		};
		209E837B1E56776A00D82E25 /* Resources */ = {
			isa = PBXResourcesBuildPhase;
			buildActionMask = 2147483647;
			files = (
			);
			runOnlyForDeploymentPostprocessing = 0;
		};
/* End PBXResourcesBuildPhase section */

/* Begin PBXSourcesBuildPhase section */
		209E83581E56776A00D82E25 /* Sources */ = {
			isa = PBXSourcesBuildPhase;
			buildActionMask = 2147483647;
			files = (
				209E83641E56776A00D82E25 /* SecondViewController.swift in Sources */,
				209E83601E56776A00D82E25 /* AppDelegate.swift in Sources */,
				209E83621E56776A00D82E25 /* FirstViewController.swift in Sources */,
			);
			runOnlyForDeploymentPostprocessing = 0;
		};
		209E836E1E56776A00D82E25 /* Sources */ = {
			isa = PBXSourcesBuildPhase;
			buildActionMask = 2147483647;
			files = (
				209E83771E56776A00D82E25 /* MaterialTests.swift in Sources */,
			);
			runOnlyForDeploymentPostprocessing = 0;
		};
		209E83791E56776A00D82E25 /* Sources */ = {
			isa = PBXSourcesBuildPhase;
			buildActionMask = 2147483647;
			files = (
				209E83821E56776A00D82E25 /* MaterialUITests.swift in Sources */,
			);
			runOnlyForDeploymentPostprocessing = 0;
		};
/* End PBXSourcesBuildPhase section */

/* Begin PBXTargetDependency section */
		209E83741E56776A00D82E25 /* PBXTargetDependency */ = {
			isa = PBXTargetDependency;
			target = 209E835B1E56776A00D82E25 /* Material */;
			targetProxy = 209E83731E56776A00D82E25 /* PBXContainerItemProxy */;
		};
		209E837F1E56776A00D82E25 /* PBXTargetDependency */ = {
			isa = PBXTargetDependency;
			target = 209E835B1E56776A00D82E25 /* Material */;
			targetProxy = 209E837E1E56776A00D82E25 /* PBXContainerItemProxy */;
		};
/* End PBXTargetDependency section */

/* Begin PBXVariantGroup section */
		209E83651E56776A00D82E25 /* Main.storyboard */ = {
			isa = PBXVariantGroup;
			children = (
				209E83661E56776A00D82E25 /* Base */,
			);
			name = Main.storyboard;
			sourceTree = "<group>";
		};
		209E836A1E56776A00D82E25 /* LaunchScreen.storyboard */ = {
			isa = PBXVariantGroup;
			children = (
				209E836B1E56776A00D82E25 /* Base */,
			);
			name = LaunchScreen.storyboard;
			sourceTree = "<group>";
		};
/* End PBXVariantGroup section */

/* Begin XCBuildConfiguration section */
		209E83841E56776A00D82E25 /* Debug */ = {
			isa = XCBuildConfiguration;
			buildSettings = {
				ALWAYS_SEARCH_USER_PATHS = NO;
				CLANG_ANALYZER_NONNULL = YES;
				CLANG_CXX_LANGUAGE_STANDARD = "gnu++0x";
				CLANG_CXX_LIBRARY = "libc++";
				CLANG_ENABLE_MODULES = YES;
				CLANG_ENABLE_OBJC_ARC = YES;
				CLANG_WARN_BOOL_CONVERSION = YES;
				CLANG_WARN_CONSTANT_CONVERSION = YES;
				CLANG_WARN_DIRECT_OBJC_ISA_USAGE = YES_ERROR;
				CLANG_WARN_DOCUMENTATION_COMMENTS = YES;
				CLANG_WARN_EMPTY_BODY = YES;
				CLANG_WARN_ENUM_CONVERSION = YES;
				CLANG_WARN_INFINITE_RECURSION = YES;
				CLANG_WARN_INT_CONVERSION = YES;
				CLANG_WARN_OBJC_ROOT_CLASS = YES_ERROR;
				CLANG_WARN_SUSPICIOUS_MOVE = YES;
				CLANG_WARN_UNREACHABLE_CODE = YES;
				CLANG_WARN__DUPLICATE_METHOD_MATCH = YES;
				"CODE_SIGN_IDENTITY[sdk=iphoneos*]" = "iPhone Developer";
				COPY_PHASE_STRIP = NO;
				DEBUG_INFORMATION_FORMAT = dwarf;
				ENABLE_STRICT_OBJC_MSGSEND = YES;
				ENABLE_TESTABILITY = YES;
				GCC_C_LANGUAGE_STANDARD = gnu99;
				GCC_DYNAMIC_NO_PIC = NO;
				GCC_NO_COMMON_BLOCKS = YES;
				GCC_OPTIMIZATION_LEVEL = 0;
				GCC_PREPROCESSOR_DEFINITIONS = (
					"DEBUG=1",
					"$(inherited)",
				);
				GCC_WARN_64_TO_32_BIT_CONVERSION = YES;
				GCC_WARN_ABOUT_RETURN_TYPE = YES_ERROR;
				GCC_WARN_UNDECLARED_SELECTOR = YES;
				GCC_WARN_UNINITIALIZED_AUTOS = YES_AGGRESSIVE;
				GCC_WARN_UNUSED_FUNCTION = YES;
				GCC_WARN_UNUSED_VARIABLE = YES;
				IPHONEOS_DEPLOYMENT_TARGET = 10.2;
				MTL_ENABLE_DEBUG_INFO = YES;
				ONLY_ACTIVE_ARCH = YES;
				SDKROOT = iphoneos;
				SWIFT_ACTIVE_COMPILATION_CONDITIONS = DEBUG;
				SWIFT_OPTIMIZATION_LEVEL = "-Onone";
				TARGETED_DEVICE_FAMILY = "1,2";
			};
			name = Debug;
		};
		209E83851E56776A00D82E25 /* Release */ = {
			isa = XCBuildConfiguration;
			buildSettings = {
				ALWAYS_SEARCH_USER_PATHS = NO;
				CLANG_ANALYZER_NONNULL = YES;
				CLANG_CXX_LANGUAGE_STANDARD = "gnu++0x";
				CLANG_CXX_LIBRARY = "libc++";
				CLANG_ENABLE_MODULES = YES;
				CLANG_ENABLE_OBJC_ARC = YES;
				CLANG_WARN_BOOL_CONVERSION = YES;
				CLANG_WARN_CONSTANT_CONVERSION = YES;
				CLANG_WARN_DIRECT_OBJC_ISA_USAGE = YES_ERROR;
				CLANG_WARN_DOCUMENTATION_COMMENTS = YES;
				CLANG_WARN_EMPTY_BODY = YES;
				CLANG_WARN_ENUM_CONVERSION = YES;
				CLANG_WARN_INFINITE_RECURSION = YES;
				CLANG_WARN_INT_CONVERSION = YES;
				CLANG_WARN_OBJC_ROOT_CLASS = YES_ERROR;
				CLANG_WARN_SUSPICIOUS_MOVE = YES;
				CLANG_WARN_UNREACHABLE_CODE = YES;
				CLANG_WARN__DUPLICATE_METHOD_MATCH = YES;
				"CODE_SIGN_IDENTITY[sdk=iphoneos*]" = "iPhone Developer";
				COPY_PHASE_STRIP = NO;
				DEBUG_INFORMATION_FORMAT = "dwarf-with-dsym";
				ENABLE_NS_ASSERTIONS = NO;
				ENABLE_STRICT_OBJC_MSGSEND = YES;
				GCC_C_LANGUAGE_STANDARD = gnu99;
				GCC_NO_COMMON_BLOCKS = YES;
				GCC_WARN_64_TO_32_BIT_CONVERSION = YES;
				GCC_WARN_ABOUT_RETURN_TYPE = YES_ERROR;
				GCC_WARN_UNDECLARED_SELECTOR = YES;
				GCC_WARN_UNINITIALIZED_AUTOS = YES_AGGRESSIVE;
				GCC_WARN_UNUSED_FUNCTION = YES;
				GCC_WARN_UNUSED_VARIABLE = YES;
				IPHONEOS_DEPLOYMENT_TARGET = 10.2;
				MTL_ENABLE_DEBUG_INFO = NO;
				SDKROOT = iphoneos;
				SWIFT_OPTIMIZATION_LEVEL = "-Owholemodule";
				TARGETED_DEVICE_FAMILY = "1,2";
				VALIDATE_PRODUCT = YES;
			};
			name = Release;
		};
		209E83871E56776A00D82E25 /* Debug */ = {
			isa = XCBuildConfiguration;
			buildSettings = {
				ASSETCATALOG_COMPILER_APPICON_NAME = AppIcon;
				DEVELOPMENT_TEAM = WRM4UPAZ5R;
				INFOPLIST_FILE = Material/Info.plist;
				LD_RUNPATH_SEARCH_PATHS = "$(inherited) @executable_path/Frameworks";
				PRODUCT_BUNDLE_IDENTIFIER = com.rafa.Material;
				PRODUCT_NAME = "$(TARGET_NAME)";
				SWIFT_VERSION = 3.0;
			};
			name = Debug;
		};
		209E83881E56776A00D82E25 /* Release */ = {
			isa = XCBuildConfiguration;
			buildSettings = {
				ASSETCATALOG_COMPILER_APPICON_NAME = AppIcon;
				DEVELOPMENT_TEAM = WRM4UPAZ5R;
				INFOPLIST_FILE = Material/Info.plist;
				LD_RUNPATH_SEARCH_PATHS = "$(inherited) @executable_path/Frameworks";
				PRODUCT_BUNDLE_IDENTIFIER = com.rafa.Material;
				PRODUCT_NAME = "$(TARGET_NAME)";
				SWIFT_VERSION = 3.0;
			};
			name = Release;
		};
		209E838A1E56776A00D82E25 /* Debug */ = {
			isa = XCBuildConfiguration;
			buildSettings = {
				ALWAYS_EMBED_SWIFT_STANDARD_LIBRARIES = YES;
				BUNDLE_LOADER = "$(TEST_HOST)";
				DEVELOPMENT_TEAM = WRM4UPAZ5R;
				INFOPLIST_FILE = MaterialTests/Info.plist;
				LD_RUNPATH_SEARCH_PATHS = "$(inherited) @executable_path/Frameworks @loader_path/Frameworks";
				PRODUCT_BUNDLE_IDENTIFIER = com.rafa.MaterialTests;
				PRODUCT_NAME = "$(TARGET_NAME)";
				SWIFT_VERSION = 3.0;
				TEST_HOST = "$(BUILT_PRODUCTS_DIR)/Material.app/Material";
			};
			name = Debug;
		};
		209E838B1E56776A00D82E25 /* Release */ = {
			isa = XCBuildConfiguration;
			buildSettings = {
				ALWAYS_EMBED_SWIFT_STANDARD_LIBRARIES = YES;
				BUNDLE_LOADER = "$(TEST_HOST)";
				DEVELOPMENT_TEAM = WRM4UPAZ5R;
				INFOPLIST_FILE = MaterialTests/Info.plist;
				LD_RUNPATH_SEARCH_PATHS = "$(inherited) @executable_path/Frameworks @loader_path/Frameworks";
				PRODUCT_BUNDLE_IDENTIFIER = com.rafa.MaterialTests;
				PRODUCT_NAME = "$(TARGET_NAME)";
				SWIFT_VERSION = 3.0;
				TEST_HOST = "$(BUILT_PRODUCTS_DIR)/Material.app/Material";
			};
			name = Release;
		};
		209E838D1E56776A00D82E25 /* Debug */ = {
			isa = XCBuildConfiguration;
			buildSettings = {
				ALWAYS_EMBED_SWIFT_STANDARD_LIBRARIES = YES;
				DEVELOPMENT_TEAM = WRM4UPAZ5R;
				INFOPLIST_FILE = MaterialUITests/Info.plist;
				LD_RUNPATH_SEARCH_PATHS = "$(inherited) @executable_path/Frameworks @loader_path/Frameworks";
				PRODUCT_BUNDLE_IDENTIFIER = com.rafa.MaterialUITests;
				PRODUCT_NAME = "$(TARGET_NAME)";
				SWIFT_VERSION = 3.0;
				TEST_TARGET_NAME = Material;
			};
			name = Debug;
		};
		209E838E1E56776A00D82E25 /* Release */ = {
			isa = XCBuildConfiguration;
			buildSettings = {
				ALWAYS_EMBED_SWIFT_STANDARD_LIBRARIES = YES;
				DEVELOPMENT_TEAM = WRM4UPAZ5R;
				INFOPLIST_FILE = MaterialUITests/Info.plist;
				LD_RUNPATH_SEARCH_PATHS = "$(inherited) @executable_path/Frameworks @loader_path/Frameworks";
				PRODUCT_BUNDLE_IDENTIFIER = com.rafa.MaterialUITests;
				PRODUCT_NAME = "$(TARGET_NAME)";
				SWIFT_VERSION = 3.0;
				TEST_TARGET_NAME = Material;
			};
			name = Release;
		};
/* End XCBuildConfiguration section */

/* Begin XCConfigurationList section */
		209E83571E56776A00D82E25 /* Build configuration list for PBXProject "Material" */ = {
			isa = XCConfigurationList;
			buildConfigurations = (
				209E83841E56776A00D82E25 /* Debug */,
				209E83851E56776A00D82E25 /* Release */,
			);
			defaultConfigurationIsVisible = 0;
			defaultConfigurationName = Release;
		};
		209E83861E56776A00D82E25 /* Build configuration list for PBXNativeTarget "Material" */ = {
			isa = XCConfigurationList;
			buildConfigurations = (
				209E83871E56776A00D82E25 /* Debug */,
				209E83881E56776A00D82E25 /* Release */,
			);
			defaultConfigurationIsVisible = 0;
		};
		209E83891E56776A00D82E25 /* Build configuration list for PBXNativeTarget "MaterialTests" */ = {
			isa = XCConfigurationList;
			buildConfigurations = (
				209E838A1E56776A00D82E25 /* Debug */,
				209E838B1E56776A00D82E25 /* Release */,
			);
			defaultConfigurationIsVisible = 0;
		};
		209E838C1E56776A00D82E25 /* Build configuration list for PBXNativeTarget "MaterialUITests" */ = {
			isa = XCConfigurationList;
			buildConfigurations = (
				209E838D1E56776A00D82E25 /* Debug */,
				209E838E1E56776A00D82E25 /* Release */,
			);
			defaultConfigurationIsVisible = 0;
		};
/* End XCConfigurationList section */
	};
	rootObject = 209E83541E56776A00D82E25 /* Project object */;
}
